{"format_version":"1.2","terraform_version":"1.14.0","planned_values":{"root_module":{"resources":[{"address":"aws_iam_role.role_with_timeouts","mode":"managed","type":"aws_iam_role","name":"role_with_timeouts","provider_name":"registry.terraform.io/hashicorp/aws","schema_version":0,"values":{"assume_role_policy":"{\"Statement\":[{\"Action\":\"sts:AssumeRole\",\"Effect\":\"Allow\",\"Principal\":{\"Service\":\"lambda.amazonaws.com\"}}],\"Version\":\"2012-10-17\"}","description":"IAM role to test nested timeouts block","force_detach_policies":false,"max_session_duration":3600,"name":"role-with-timeouts","path":"/","permissions_boundary":null,"tags":{"Environment":"development","Name":"role-with-timeouts"},"tags_all":{"Environment":"development","Name":"role-with-timeouts"}},"sensitive_values":{"inline_policy":[],"managed_policy_arns":[],"tags":{},"tags_all":{}}},{"address":"aws_s3_bucket.cors_bucket","mode":"managed","type":"aws_s3_bucket","name":"cors_bucket","provider_name":"registry.terraform.io/hashicorp/aws","schema_version":0,"values":{"bucket":"terraform2sheet-cors-bucket-001","force_destroy":true,"tags":{"Environment":"development","Name":"cors-bucket","Owner":"test-user","Project":"terraform2sheet"},"tags_all":{"Environment":"development","Name":"cors-bucket","Owner":"test-user","Project":"terraform2sheet"},"timeouts":null},"sensitive_values":{"cors_rule":[],"grant":[],"lifecycle_rule":[],"logging":[],"object_lock_configuration":[],"replication_configuration":[],"server_side_encryption_configuration":[],"tags":{},"tags_all":{},"versioning":[],"website":[]}},{"address":"aws_s3_bucket_cors_configuration.cors_bucket","mode":"managed","type":"aws_s3_bucket_cors_configuration","name":"cors_bucket","provider_name":"registry.terraform.io/hashicorp/aws","schema_version":0,"values":{"cors_rule":[{"allowed_headers":["*"],"allowed_methods":["GET","POST","PUT"],"allowed_origins":["https://example.com","https://test.example.com"],"expose_headers":["ETag","x-amz-request-id"],"id":"","max_age_seconds":3600},{"allowed_headers":[],"allowed_methods":["GET"],"allowed_origins":["*"],"expose_headers":[],"id":"","max_age_seconds":3000}],"expected_bucket_owner":null},"sensitive_values":{"cors_rule":[{"allowed_headers":[false],"allowed_methods":[false,false,false],"allowed_origins":[false,false],"expose_headers":[false,false]},{"allowed_headers":[],"allowed_methods":[false],"allowed_origins":[false],"expose_headers":[]}]}},{"address":"aws_s3_bucket_versioning.cors_bucket","mode":"managed","type":"aws_s3_bucket_versioning","name":"cors_bucket","provider_name":"registry.terraform.io/hashicorp/aws","schema_version":0,"values":{"expected_bucket_owner":null,"mfa":null,"versioning_configuration":[{"status":"Enabled"}]},"sensitive_values":{"versioning_configuration":[{}]}}]}},"resource_changes":[{"address":"aws_iam_role.role_with_timeouts","mode":"managed","type":"aws_iam_role","name":"role_with_timeouts","provider_name":"registry.terraform.io/hashicorp/aws","change":{"actions":["create"],"before":null,"after":{"assume_role_policy":"{\"Statement\":[{\"Action\":\"sts:AssumeRole\",\"Effect\":\"Allow\",\"Principal\":{\"Service\":\"lambda.amazonaws.com\"}}],\"Version\":\"2012-10-17\"}","description":"IAM role to test nested timeouts block","force_detach_policies":false,"max_session_duration":3600,"name":"role-with-timeouts","path":"/","permissions_boundary":null,"tags":{"Environment":"development","Name":"role-with-timeouts"},"tags_all":{"Environment":"development","Name":"role-with-timeouts"}},"after_unknown":{"arn":true,"create_date":true,"id":true,"inline_policy":true,"managed_policy_arns":true,"name_prefix":true,"tags":{},"tags_all":{},"unique_id":true},"before_sensitive":false,"after_sensitive":{"inline_policy":[],"managed_policy_arns":[],"tags":{},"tags_all":{}}}},{"address":"aws_s3_bucket.cors_bucket","mode":"managed","type":"aws_s3_bucket","name":"cors_bucket","provider_name":"registry.terraform.io/hashicorp/aws","change":{"actions":["create"],"before":null,"after":{"bucket":"terraform2sheet-cors-bucket-001","force_destroy":true,"tags":{"Environment":"development","Name":"cors-bucket","Owner":"test-user","Project":"terraform2sheet"},"tags_all":{"Environment":"development","Name":"cors-bucket","Owner":"test-user","Project":"terraform2sheet"},"timeouts":null},"after_unknown":{"acceleration_status":true,"acl":true,"arn":true,"bucket_domain_name":true,"bucket_prefix":true,"bucket_regional_domain_name":true,"cors_rule":true,"grant":true,"hosted_zone_id":true,"id":true,"lifecycle_rule":true,"logging":true,"object_lock_configuration":true,"object_lock_enabled":true,"policy":true,"region":true,"replication_configuration":true,"request_payer":true,"server_side_encryption_configuration":true,"tags":{},"tags_all":{},"versioning":true,"website":true,"website_domain":true,"website_endpoint":true},"before_sensitive":false,"after_sensitive":{"cors_rule":[],"grant":[],"lifecycle_rule":[],"logging":[],"object_lock_configuration":[],"replication_configuration":[],"server_side_encryption_configuration":[],"tags":{},"tags_all":{},"versioning":[],"website":[]}}},{"address":"aws_s3_bucket_cors_configuration.cors_bucket","mode":"managed","type":"aws_s3_bucket_cors_configuration","name":"cors_bucket","provider_name":"registry.terraform.io/hashicorp/aws","change":{"actions":["create"],"before":null,"after":{"cors_rule":[{"allowed_headers":["*"],"allowed_methods":["GET","POST","PUT"],"allowed_origins":["https://example.com","https://test.example.com"],"expose_headers":["ETag","x-amz-request-id"],"id":"","max_age_seconds":3600},{"allowed_headers":[],"allowed_methods":["GET"],"allowed_origins":["*"],"expose_headers":[],"id":"","max_age_seconds":3000}],"expected_bucket_owner":null},"after_unknown":{"bucket":true,"cors_rule":[{"allowed_headers":[false],"allowed_methods":[false,false,false],"allowed_origins":[false,false],"expose_headers":[false,false]},{"allowed_headers":[],"allowed_methods":[false],"allowed_origins":[false],"expose_headers":[]}],"id":true},"before_sensitive":false,"after_sensitive":{"cors_rule":[{"allowed_headers":[false],"allowed_methods":[false,false,false],"allowed_origins":[false,false],"expose_headers":[false,false]},{"allowed_headers":[],"allowed_methods":[false],"allowed_origins":[false],"expose_headers":[]}]}}},{"address":"aws_s3_bucket_versioning.cors_bucket","mode":"managed","type":"aws_s3_bucket_versioning","name":"cors_bucket","provider_name":"registry.terraform.io/hashicorp/aws","change":{"actions":["create"],"before":null,"after":{"expected_bucket_owner":null,"mfa":null,"versioning_configuration":[{"status":"Enabled"}]},"after_unknown":{"bucket":true,"id":true,"versioning_configuration":[{"mfa_delete":true}]},"before_sensitive":false,"after_sensitive":{"versioning_configuration":[{}]}}}],"configuration":{"provider_config":{"aws":{"name":"aws","full_name":"registry.terraform.io/hashicorp/aws","version_constraint":"~\u003e 5.0","expressions":{"region":{"constant_value":"ap-northeast-1"}}}},"root_module":{"resources":[{"address":"aws_iam_role.role_with_timeouts","mode":"managed","type":"aws_iam_role","name":"role_with_timeouts","provider_config_key":"aws","expressions":{"assume_role_policy":{},"description":{"constant_value":"IAM role to test nested timeouts block"},"name":{"constant_value":"role-with-timeouts"},"tags":{"constant_value":{"Environment":"development","Name":"role-with-timeouts"}}},"schema_version":0},{"address":"aws_s3_bucket.cors_bucket","mode":"managed","type":"aws_s3_bucket","name":"cors_bucket","provider_config_key":"aws","expressions":{"bucket":{"constant_value":"terraform2sheet-cors-bucket-001"},"force_destroy":{"constant_value":true},"tags":{"constant_value":{"Environment":"development","Name":"cors-bucket","Owner":"test-user","Project":"terraform2sheet"}}},"schema_version":0},{"address":"aws_s3_bucket_cors_configuration.cors_bucket","mode":"managed","type":"aws_s3_bucket_cors_configuration","name":"cors_bucket","provider_config_key":"aws","expressions":{"bucket":{"references":["aws_s3_bucket.cors_bucket.id","aws_s3_bucket.cors_bucket"]},"cors_rule":[{"allowed_headers":{"constant_value":["*"]},"allowed_methods":{"constant_value":["GET","POST","PUT"]},"allowed_origins":{"constant_value":["https://example.com","https://test.example.com"]},"expose_headers":{"constant_value":["ETag","x-amz-request-id"]},"max_age_seconds":{"constant_value":3600}},{"allowed_methods":{"constant_value":["GET"]},"allowed_origins":{"constant_value":["*"]},"max_age_seconds":{"constant_value":3000}}]},"schema_version":0},{"address":"aws_s3_bucket_versioning.cors_bucket","mode":"managed","type":"aws_s3_bucket_versioning","name":"cors_bucket","provider_config_key":"aws","expressions":{"bucket":{"references":["aws_s3_bucket.cors_bucket.id","aws_s3_bucket.cors_bucket"]},"versioning_configuration":[{"status":{"constant_value":"Enabled"}}]},"schema_version":0}]}},"relevant_attributes":[{"resource":"aws_s3_bucket.cors_bucket","attribute":["id"]}],"timestamp":"2025-12-09T13:30:12Z","applyable":true,"complete":true,"errored":false}
