{"format_version":"1.2","terraform_version":"1.14.0","planned_values":{"root_module":{"resources":[{"address":"aws_iam_policy.cloudwatch_logs_policy","mode":"managed","type":"aws_iam_policy","name":"cloudwatch_logs_policy","provider_name":"registry.terraform.io/hashicorp/aws","schema_version":0,"values":{"description":"Policy for CloudWatch Logs access","name":"sample002-cloudwatch-logs-policy","path":"/","policy":"{\"Statement\":[{\"Action\":[\"logs:CreateLogGroup\",\"logs:CreateLogStream\",\"logs:PutLogEvents\"],\"Effect\":\"Allow\",\"Resource\":\"arn:aws:logs:*:*:*\"}],\"Version\":\"2012-10-17\"}","tags":{"Name":"sample002-cloudwatch-logs-policy"},"tags_all":{"Name":"sample002-cloudwatch-logs-policy"}},"sensitive_values":{"tags":{},"tags_all":{}}},{"address":"aws_iam_policy.s3_access_policy","mode":"managed","type":"aws_iam_policy","name":"s3_access_policy","provider_name":"registry.terraform.io/hashicorp/aws","schema_version":0,"values":{"description":"Policy for S3 read/write access","name":"sample002-s3-access-policy","path":"/custom/","policy":"{\"Statement\":[{\"Action\":[\"s3:GetObject\",\"s3:PutObject\",\"s3:DeleteObject\"],\"Effect\":\"Allow\",\"Resource\":\"arn:aws:s3:::my-sample-bucket/*\"},{\"Action\":[\"s3:ListBucket\"],\"Effect\":\"Allow\",\"Resource\":\"arn:aws:s3:::my-sample-bucket\"}],\"Version\":\"2012-10-17\"}","tags":{"Environment":"development","Name":"sample002-s3-access-policy"},"tags_all":{"Environment":"development","Name":"sample002-s3-access-policy"}},"sensitive_values":{"tags":{},"tags_all":{}}},{"address":"aws_iam_role.lambda_role","mode":"managed","type":"aws_iam_role","name":"lambda_role","provider_name":"registry.terraform.io/hashicorp/aws","schema_version":0,"values":{"assume_role_policy":"{\"Statement\":[{\"Action\":\"sts:AssumeRole\",\"Effect\":\"Allow\",\"Principal\":{\"Service\":\"lambda.amazonaws.com\"}}],\"Version\":\"2012-10-17\"}","description":"IAM role for Lambda with attached policies","force_detach_policies":false,"max_session_duration":3600,"name":"sample002-lambda-role","path":"/","permissions_boundary":null,"tags":{"Environment":"development","Name":"sample002-lambda-role"},"tags_all":{"Environment":"development","Name":"sample002-lambda-role"}},"sensitive_values":{"inline_policy":[],"managed_policy_arns":[],"tags":{},"tags_all":{}}},{"address":"aws_iam_role_policy_attachment.lambda_basic_execution","mode":"managed","type":"aws_iam_role_policy_attachment","name":"lambda_basic_execution","provider_name":"registry.terraform.io/hashicorp/aws","schema_version":0,"values":{"policy_arn":"arn:aws:iam::aws:policy/service-role/AWSLambdaBasicExecutionRole","role":"sample002-lambda-role"},"sensitive_values":{}},{"address":"aws_iam_role_policy_attachment.lambda_cloudwatch_attach","mode":"managed","type":"aws_iam_role_policy_attachment","name":"lambda_cloudwatch_attach","provider_name":"registry.terraform.io/hashicorp/aws","schema_version":0,"values":{"role":"sample002-lambda-role"},"sensitive_values":{}},{"address":"aws_iam_role_policy_attachment.lambda_s3_attach","mode":"managed","type":"aws_iam_role_policy_attachment","name":"lambda_s3_attach","provider_name":"registry.terraform.io/hashicorp/aws","schema_version":0,"values":{"role":"sample002-lambda-role"},"sensitive_values":{}}]}},"resource_changes":[{"address":"aws_iam_policy.cloudwatch_logs_policy","mode":"managed","type":"aws_iam_policy","name":"cloudwatch_logs_policy","provider_name":"registry.terraform.io/hashicorp/aws","change":{"actions":["create"],"before":null,"after":{"description":"Policy for CloudWatch Logs access","name":"sample002-cloudwatch-logs-policy","path":"/","policy":"{\"Statement\":[{\"Action\":[\"logs:CreateLogGroup\",\"logs:CreateLogStream\",\"logs:PutLogEvents\"],\"Effect\":\"Allow\",\"Resource\":\"arn:aws:logs:*:*:*\"}],\"Version\":\"2012-10-17\"}","tags":{"Name":"sample002-cloudwatch-logs-policy"},"tags_all":{"Name":"sample002-cloudwatch-logs-policy"}},"after_unknown":{"arn":true,"attachment_count":true,"id":true,"name_prefix":true,"policy_id":true,"tags":{},"tags_all":{}},"before_sensitive":false,"after_sensitive":{"tags":{},"tags_all":{}}}},{"address":"aws_iam_policy.s3_access_policy","mode":"managed","type":"aws_iam_policy","name":"s3_access_policy","provider_name":"registry.terraform.io/hashicorp/aws","change":{"actions":["create"],"before":null,"after":{"description":"Policy for S3 read/write access","name":"sample002-s3-access-policy","path":"/custom/","policy":"{\"Statement\":[{\"Action\":[\"s3:GetObject\",\"s3:PutObject\",\"s3:DeleteObject\"],\"Effect\":\"Allow\",\"Resource\":\"arn:aws:s3:::my-sample-bucket/*\"},{\"Action\":[\"s3:ListBucket\"],\"Effect\":\"Allow\",\"Resource\":\"arn:aws:s3:::my-sample-bucket\"}],\"Version\":\"2012-10-17\"}","tags":{"Environment":"development","Name":"sample002-s3-access-policy"},"tags_all":{"Environment":"development","Name":"sample002-s3-access-policy"}},"after_unknown":{"arn":true,"attachment_count":true,"id":true,"name_prefix":true,"policy_id":true,"tags":{},"tags_all":{}},"before_sensitive":false,"after_sensitive":{"tags":{},"tags_all":{}}}},{"address":"aws_iam_role.lambda_role","mode":"managed","type":"aws_iam_role","name":"lambda_role","provider_name":"registry.terraform.io/hashicorp/aws","change":{"actions":["create"],"before":null,"after":{"assume_role_policy":"{\"Statement\":[{\"Action\":\"sts:AssumeRole\",\"Effect\":\"Allow\",\"Principal\":{\"Service\":\"lambda.amazonaws.com\"}}],\"Version\":\"2012-10-17\"}","description":"IAM role for Lambda with attached policies","force_detach_policies":false,"max_session_duration":3600,"name":"sample002-lambda-role","path":"/","permissions_boundary":null,"tags":{"Environment":"development","Name":"sample002-lambda-role"},"tags_all":{"Environment":"development","Name":"sample002-lambda-role"}},"after_unknown":{"arn":true,"create_date":true,"id":true,"inline_policy":true,"managed_policy_arns":true,"name_prefix":true,"tags":{},"tags_all":{},"unique_id":true},"before_sensitive":false,"after_sensitive":{"inline_policy":[],"managed_policy_arns":[],"tags":{},"tags_all":{}}}},{"address":"aws_iam_role_policy_attachment.lambda_basic_execution","mode":"managed","type":"aws_iam_role_policy_attachment","name":"lambda_basic_execution","provider_name":"registry.terraform.io/hashicorp/aws","change":{"actions":["create"],"before":null,"after":{"policy_arn":"arn:aws:iam::aws:policy/service-role/AWSLambdaBasicExecutionRole","role":"sample002-lambda-role"},"after_unknown":{"id":true},"before_sensitive":false,"after_sensitive":{}}},{"address":"aws_iam_role_policy_attachment.lambda_cloudwatch_attach","mode":"managed","type":"aws_iam_role_policy_attachment","name":"lambda_cloudwatch_attach","provider_name":"registry.terraform.io/hashicorp/aws","change":{"actions":["create"],"before":null,"after":{"role":"sample002-lambda-role"},"after_unknown":{"id":true,"policy_arn":true},"before_sensitive":false,"after_sensitive":{}}},{"address":"aws_iam_role_policy_attachment.lambda_s3_attach","mode":"managed","type":"aws_iam_role_policy_attachment","name":"lambda_s3_attach","provider_name":"registry.terraform.io/hashicorp/aws","change":{"actions":["create"],"before":null,"after":{"role":"sample002-lambda-role"},"after_unknown":{"id":true,"policy_arn":true},"before_sensitive":false,"after_sensitive":{}}}],"configuration":{"provider_config":{"aws":{"name":"aws","full_name":"registry.terraform.io/hashicorp/aws","version_constraint":"~\u003e 5.0","expressions":{"region":{"constant_value":"ap-northeast-1"}}}},"root_module":{"resources":[{"address":"aws_iam_policy.cloudwatch_logs_policy","mode":"managed","type":"aws_iam_policy","name":"cloudwatch_logs_policy","provider_config_key":"aws","expressions":{"description":{"constant_value":"Policy for CloudWatch Logs access"},"name":{"constant_value":"sample002-cloudwatch-logs-policy"},"policy":{},"tags":{"constant_value":{"Name":"sample002-cloudwatch-logs-policy"}}},"schema_version":0},{"address":"aws_iam_policy.s3_access_policy","mode":"managed","type":"aws_iam_policy","name":"s3_access_policy","provider_config_key":"aws","expressions":{"description":{"constant_value":"Policy for S3 read/write access"},"name":{"constant_value":"sample002-s3-access-policy"},"path":{"constant_value":"/custom/"},"policy":{},"tags":{"constant_value":{"Environment":"development","Name":"sample002-s3-access-policy"}}},"schema_version":0},{"address":"aws_iam_role.lambda_role","mode":"managed","type":"aws_iam_role","name":"lambda_role","provider_config_key":"aws","expressions":{"assume_role_policy":{},"description":{"constant_value":"IAM role for Lambda with attached policies"},"name":{"constant_value":"sample002-lambda-role"},"tags":{"constant_value":{"Environment":"development","Name":"sample002-lambda-role"}}},"schema_version":0},{"address":"aws_iam_role_policy_attachment.lambda_basic_execution","mode":"managed","type":"aws_iam_role_policy_attachment","name":"lambda_basic_execution","provider_config_key":"aws","expressions":{"policy_arn":{"constant_value":"arn:aws:iam::aws:policy/service-role/AWSLambdaBasicExecutionRole"},"role":{"references":["aws_iam_role.lambda_role.name","aws_iam_role.lambda_role"]}},"schema_version":0},{"address":"aws_iam_role_policy_attachment.lambda_cloudwatch_attach","mode":"managed","type":"aws_iam_role_policy_attachment","name":"lambda_cloudwatch_attach","provider_config_key":"aws","expressions":{"policy_arn":{"references":["aws_iam_policy.cloudwatch_logs_policy.arn","aws_iam_policy.cloudwatch_logs_policy"]},"role":{"references":["aws_iam_role.lambda_role.name","aws_iam_role.lambda_role"]}},"schema_version":0},{"address":"aws_iam_role_policy_attachment.lambda_s3_attach","mode":"managed","type":"aws_iam_role_policy_attachment","name":"lambda_s3_attach","provider_config_key":"aws","expressions":{"policy_arn":{"references":["aws_iam_policy.s3_access_policy.arn","aws_iam_policy.s3_access_policy"]},"role":{"references":["aws_iam_role.lambda_role.name","aws_iam_role.lambda_role"]}},"schema_version":0}]}},"relevant_attributes":[{"resource":"aws_iam_policy.cloudwatch_logs_policy","attribute":["arn"]},{"resource":"aws_iam_role.lambda_role","attribute":["name"]},{"resource":"aws_iam_policy.s3_access_policy","attribute":["arn"]}],"timestamp":"2025-12-09T13:34:23Z","applyable":true,"complete":true,"errored":false}
