{"format_version":"1.2","terraform_version":"1.14.0","planned_values":{"root_module":{"resources":[{"address":"aws_iam_policy.sample_policy","mode":"managed","type":"aws_iam_policy","name":"sample_policy","provider_name":"registry.terraform.io/hashicorp/aws","schema_version":0,"values":{"description":"Sample IAM policy for testing priority","name":"sample-policy","path":"/","policy":"{\"Statement\":[{\"Action\":[\"s3:GetObject\",\"s3:PutObject\"],\"Effect\":\"Allow\",\"Resource\":\"arn:aws:s3:::my-bucket/*\"}],\"Version\":\"2012-10-17\"}","tags":{"Environment":"development","Name":"sample-policy"},"tags_all":{"Environment":"development","Name":"sample-policy"}},"sensitive_values":{"tags":{},"tags_all":{}}},{"address":"aws_iam_role.another_role","mode":"managed","type":"aws_iam_role","name":"another_role","provider_name":"registry.terraform.io/hashicorp/aws","schema_version":0,"values":{"assume_role_policy":"{\"Statement\":[{\"Action\":\"sts:AssumeRole\",\"Effect\":\"Allow\",\"Principal\":{\"Service\":\"ec2.amazonaws.com\"}}],\"Version\":\"2012-10-17\"}","description":"Another IAM role for testing priority","force_detach_policies":false,"max_session_duration":3600,"name":"another-lambda-role","path":"/","permissions_boundary":null,"tags":{"Name":"another-role"},"tags_all":{"Name":"another-role"}},"sensitive_values":{"inline_policy":[],"managed_policy_arns":[],"tags":{},"tags_all":{}}},{"address":"aws_iam_role.sample_role","mode":"managed","type":"aws_iam_role","name":"sample_role","provider_name":"registry.terraform.io/hashicorp/aws","schema_version":0,"values":{"assume_role_policy":"{\"Statement\":[{\"Action\":\"sts:AssumeRole\",\"Effect\":\"Allow\",\"Principal\":{\"Service\":\"lambda.amazonaws.com\"}}],\"Version\":\"2012-10-17\"}","description":"Sample IAM role for Lambda function","force_detach_policies":false,"max_session_duration":3600,"name":"sample-lambda-role","path":"/","permissions_boundary":null,"tags":{"Environment":"development","Name":"sample-lambda-role","Project":"terraform2sheet"},"tags_all":{"Environment":"development","Name":"sample-lambda-role","Project":"terraform2sheet"}},"sensitive_values":{"inline_policy":[],"managed_policy_arns":[],"tags":{},"tags_all":{}}},{"address":"aws_s3_bucket.sample_bucket","mode":"managed","type":"aws_s3_bucket","name":"sample_bucket","provider_name":"registry.terraform.io/hashicorp/aws","schema_version":0,"values":{"bucket":"terraform2sheet-sample-bucket-001","force_destroy":false,"tags":{"Environment":"development","Name":"sample-bucket","Project":"terraform2sheet"},"tags_all":{"Environment":"development","Name":"sample-bucket","Project":"terraform2sheet"},"timeouts":null},"sensitive_values":{"cors_rule":[],"grant":[],"lifecycle_rule":[],"logging":[],"object_lock_configuration":[],"replication_configuration":[],"server_side_encryption_configuration":[],"tags":{},"tags_all":{},"versioning":[],"website":[]}}]}},"resource_changes":[{"address":"aws_iam_policy.sample_policy","mode":"managed","type":"aws_iam_policy","name":"sample_policy","provider_name":"registry.terraform.io/hashicorp/aws","change":{"actions":["create"],"before":null,"after":{"description":"Sample IAM policy for testing priority","name":"sample-policy","path":"/","policy":"{\"Statement\":[{\"Action\":[\"s3:GetObject\",\"s3:PutObject\"],\"Effect\":\"Allow\",\"Resource\":\"arn:aws:s3:::my-bucket/*\"}],\"Version\":\"2012-10-17\"}","tags":{"Environment":"development","Name":"sample-policy"},"tags_all":{"Environment":"development","Name":"sample-policy"}},"after_unknown":{"arn":true,"attachment_count":true,"id":true,"name_prefix":true,"policy_id":true,"tags":{},"tags_all":{}},"before_sensitive":false,"after_sensitive":{"tags":{},"tags_all":{}}}},{"address":"aws_iam_role.another_role","mode":"managed","type":"aws_iam_role","name":"another_role","provider_name":"registry.terraform.io/hashicorp/aws","change":{"actions":["create"],"before":null,"after":{"assume_role_policy":"{\"Statement\":[{\"Action\":\"sts:AssumeRole\",\"Effect\":\"Allow\",\"Principal\":{\"Service\":\"ec2.amazonaws.com\"}}],\"Version\":\"2012-10-17\"}","description":"Another IAM role for testing priority","force_detach_policies":false,"max_session_duration":3600,"name":"another-lambda-role","path":"/","permissions_boundary":null,"tags":{"Name":"another-role"},"tags_all":{"Name":"another-role"}},"after_unknown":{"arn":true,"create_date":true,"id":true,"inline_policy":true,"managed_policy_arns":true,"name_prefix":true,"tags":{},"tags_all":{},"unique_id":true},"before_sensitive":false,"after_sensitive":{"inline_policy":[],"managed_policy_arns":[],"tags":{},"tags_all":{}}}},{"address":"aws_iam_role.sample_role","mode":"managed","type":"aws_iam_role","name":"sample_role","provider_name":"registry.terraform.io/hashicorp/aws","change":{"actions":["create"],"before":null,"after":{"assume_role_policy":"{\"Statement\":[{\"Action\":\"sts:AssumeRole\",\"Effect\":\"Allow\",\"Principal\":{\"Service\":\"lambda.amazonaws.com\"}}],\"Version\":\"2012-10-17\"}","description":"Sample IAM role for Lambda function","force_detach_policies":false,"max_session_duration":3600,"name":"sample-lambda-role","path":"/","permissions_boundary":null,"tags":{"Environment":"development","Name":"sample-lambda-role","Project":"terraform2sheet"},"tags_all":{"Environment":"development","Name":"sample-lambda-role","Project":"terraform2sheet"}},"after_unknown":{"arn":true,"create_date":true,"id":true,"inline_policy":true,"managed_policy_arns":true,"name_prefix":true,"tags":{},"tags_all":{},"unique_id":true},"before_sensitive":false,"after_sensitive":{"inline_policy":[],"managed_policy_arns":[],"tags":{},"tags_all":{}}}},{"address":"aws_s3_bucket.sample_bucket","mode":"managed","type":"aws_s3_bucket","name":"sample_bucket","provider_name":"registry.terraform.io/hashicorp/aws","change":{"actions":["create"],"before":null,"after":{"bucket":"terraform2sheet-sample-bucket-001","force_destroy":false,"tags":{"Environment":"development","Name":"sample-bucket","Project":"terraform2sheet"},"tags_all":{"Environment":"development","Name":"sample-bucket","Project":"terraform2sheet"},"timeouts":null},"after_unknown":{"acceleration_status":true,"acl":true,"arn":true,"bucket_domain_name":true,"bucket_prefix":true,"bucket_regional_domain_name":true,"cors_rule":true,"grant":true,"hosted_zone_id":true,"id":true,"lifecycle_rule":true,"logging":true,"object_lock_configuration":true,"object_lock_enabled":true,"policy":true,"region":true,"replication_configuration":true,"request_payer":true,"server_side_encryption_configuration":true,"tags":{},"tags_all":{},"versioning":true,"website":true,"website_domain":true,"website_endpoint":true},"before_sensitive":false,"after_sensitive":{"cors_rule":[],"grant":[],"lifecycle_rule":[],"logging":[],"object_lock_configuration":[],"replication_configuration":[],"server_side_encryption_configuration":[],"tags":{},"tags_all":{},"versioning":[],"website":[]}}}],"configuration":{"provider_config":{"aws":{"name":"aws","full_name":"registry.terraform.io/hashicorp/aws","version_constraint":"~\u003e 5.0","expressions":{"region":{"constant_value":"ap-northeast-1"}}}},"root_module":{"resources":[{"address":"aws_iam_policy.sample_policy","mode":"managed","type":"aws_iam_policy","name":"sample_policy","provider_config_key":"aws","expressions":{"description":{"constant_value":"Sample IAM policy for testing priority"},"name":{"constant_value":"sample-policy"},"policy":{},"tags":{"constant_value":{"Environment":"development","Name":"sample-policy"}}},"schema_version":0},{"address":"aws_iam_role.another_role","mode":"managed","type":"aws_iam_role","name":"another_role","provider_config_key":"aws","expressions":{"assume_role_policy":{},"description":{"constant_value":"Another IAM role for testing priority"},"name":{"constant_value":"another-lambda-role"},"tags":{"constant_value":{"Name":"another-role"}}},"schema_version":0},{"address":"aws_iam_role.sample_role","mode":"managed","type":"aws_iam_role","name":"sample_role","provider_config_key":"aws","expressions":{"assume_role_policy":{},"description":{"constant_value":"Sample IAM role for Lambda function"},"name":{"constant_value":"sample-lambda-role"},"tags":{"constant_value":{"Environment":"development","Name":"sample-lambda-role","Project":"terraform2sheet"}}},"schema_version":0},{"address":"aws_s3_bucket.sample_bucket","mode":"managed","type":"aws_s3_bucket","name":"sample_bucket","provider_config_key":"aws","expressions":{"bucket":{"constant_value":"terraform2sheet-sample-bucket-001"},"force_destroy":{"constant_value":false},"tags":{"constant_value":{"Environment":"development","Name":"sample-bucket","Project":"terraform2sheet"}}},"schema_version":0}]}},"timestamp":"2025-12-09T13:12:40Z","applyable":true,"complete":true,"errored":false}
